
Microsoft Visual Studio Solution File, Format Version 12.00
# Visual Studio 15
VisualStudioVersion = 15.0.26124.0
MinimumVisualStudioVersion = 15.0.26124.0
Project("{FAE04EC0-301F-11D3-BF4B-00C04F79EFBC}") = "Reaction-api.Presentation", "4 - Presentation\Reaction-api.Presentation.csproj", "{3C36287C-7316-460D-895A-B97039B2577B}"
EndProject
Global
	GlobalSection(SolutionConfigurationPlatforms) = preSolution
		Debug|Any CPU = Debug|Any CPU
		Debug|x64 = Debug|x64
		Debug|x86 = Debug|x86
		Release|Any CPU = Release|Any CPU
		Release|x64 = Release|x64
		Release|x86 = Release|x86
	EndGlobalSection
	GlobalSection(SolutionProperties) = preSolution
		HideSolutionNode = FALSE
	EndGlobalSection
	GlobalSection(ProjectConfigurationPlatforms) = postSolution
		{3C36287C-7316-460D-895A-B97039B2577B}.Debug|Any CPU.ActiveCfg = Debug|Any CPU
		{3C36287C-7316-460D-895A-B97039B2577B}.Debug|Any CPU.Build.0 = Debug|Any CPU
		{3C36287C-7316-460D-895A-B97039B2577B}.Debug|x64.ActiveCfg = Debug|Any CPU
		{3C36287C-7316-460D-895A-B97039B2577B}.Debug|x64.Build.0 = Debug|Any CPU
		{3C36287C-7316-460D-895A-B97039B2577B}.Debug|x86.ActiveCfg = Debug|Any CPU
		{3C36287C-7316-460D-895A-B97039B2577B}.Debug|x86.Build.0 = Debug|Any CPU
		{3C36287C-7316-460D-895A-B97039B2577B}.Release|Any CPU.ActiveCfg = Release|Any CPU
		{3C36287C-7316-460D-895A-B97039B2577B}.Release|Any CPU.Build.0 = Release|Any CPU
		{3C36287C-7316-460D-895A-B97039B2577B}.Release|x64.ActiveCfg = Release|Any CPU
		{3C36287C-7316-460D-895A-B97039B2577B}.Release|x64.Build.0 = Release|Any CPU
		{3C36287C-7316-460D-895A-B97039B2577B}.Release|x86.ActiveCfg = Release|Any CPU
		{3C36287C-7316-460D-895A-B97039B2577B}.Release|x86.Build.0 = Release|Any CPU
	EndGlobalSection
EndGlobal
